
Microsoft Visual Studio Solution File, Format Version 12.00
# Visual Studio 15
VisualStudioVersion = 15.0.26430.16
MinimumVisualStudioVersion = 10.0.40219.1
Project("{FAE04EC0-301F-11D3-BF4B-00C04F79EFBC}") = "Tinc.GUI", "Tinc.GUI\Tinc.GUI.csproj", "{2708B28F-5A8A-4CF7-ACA1-75F33EC29E5A}"
EndProject
Project("{FAE04EC0-301F-11D3-BF4B-00C04F79EFBC}") = "Tinc.Communication", "Tinc.Communication\Tinc.Communication.csproj", "{6DD7E28D-A237-498B-9C8C-3D6C40068751}"
EndProject
Project("{FAE04EC0-301F-11D3-BF4B-00C04F79EFBC}") = "Tinc.BL", "Tinc.BL\Tinc.BL.csproj", "{98A872F4-9858-4BFF-9CCA-28D11E4D54DF}"
EndProject
Project("{FAE04EC0-301F-11D3-BF4B-00C04F79EFBC}") = "Tinc.Console", "Tinc.Console\Tinc.Console.csproj", "{DAADAE7D-A76B-4D58-9A3A-D5ED974A74BF}"
EndProject
Global
	GlobalSection(SolutionConfigurationPlatforms) = preSolution
		Debug|Any CPU = Debug|Any CPU
		Release|Any CPU = Release|Any CPU
	EndGlobalSection
	GlobalSection(ProjectConfigurationPlatforms) = postSolution
		{2708B28F-5A8A-4CF7-ACA1-75F33EC29E5A}.Debug|Any CPU.ActiveCfg = Debug|Any CPU
		{2708B28F-5A8A-4CF7-ACA1-75F33EC29E5A}.Debug|Any CPU.Build.0 = Debug|Any CPU
		{2708B28F-5A8A-4CF7-ACA1-75F33EC29E5A}.Release|Any CPU.ActiveCfg = Release|Any CPU
		{2708B28F-5A8A-4CF7-ACA1-75F33EC29E5A}.Release|Any CPU.Build.0 = Release|Any CPU
		{6DD7E28D-A237-498B-9C8C-3D6C40068751}.Debug|Any CPU.ActiveCfg = Debug|Any CPU
		{6DD7E28D-A237-498B-9C8C-3D6C40068751}.Debug|Any CPU.Build.0 = Debug|Any CPU
		{6DD7E28D-A237-498B-9C8C-3D6C40068751}.Release|Any CPU.ActiveCfg = Release|Any CPU
		{6DD7E28D-A237-498B-9C8C-3D6C40068751}.Release|Any CPU.Build.0 = Release|Any CPU
		{98A872F4-9858-4BFF-9CCA-28D11E4D54DF}.Debug|Any CPU.ActiveCfg = Debug|Any CPU
		{98A872F4-9858-4BFF-9CCA-28D11E4D54DF}.Debug|Any CPU.Build.0 = Debug|Any CPU
		{98A872F4-9858-4BFF-9CCA-28D11E4D54DF}.Release|Any CPU.ActiveCfg = Release|Any CPU
		{98A872F4-9858-4BFF-9CCA-28D11E4D54DF}.Release|Any CPU.Build.0 = Release|Any CPU
		{DAADAE7D-A76B-4D58-9A3A-D5ED974A74BF}.Debug|Any CPU.ActiveCfg = Debug|Any CPU
		{DAADAE7D-A76B-4D58-9A3A-D5ED974A74BF}.Debug|Any CPU.Build.0 = Debug|Any CPU
		{DAADAE7D-A76B-4D58-9A3A-D5ED974A74BF}.Release|Any CPU.ActiveCfg = Release|Any CPU
		{DAADAE7D-A76B-4D58-9A3A-D5ED974A74BF}.Release|Any CPU.Build.0 = Release|Any CPU
	EndGlobalSection
	GlobalSection(SolutionProperties) = preSolution
		HideSolutionNode = FALSE
	EndGlobalSection
EndGlobal
